
Microsoft Visual Studio Solution File, Format Version 12.00
# Visual Studio 14
VisualStudioVersion = 14.0.23107.0
MinimumVisualStudioVersion = 10.0.40219.1
Project("{FAE04EC0-301F-11D3-BF4B-00C04F79EFBC}") = "BlocNotasCurso.Droid", "BlocNotasCurso\BlocNotasCurso.Droid\BlocNotasCurso.Droid.csproj", "{63BDFAD5-982B-412C-BC16-D44F21BFC03E}"
EndProject
Project("{FAE04EC0-301F-11D3-BF4B-00C04F79EFBC}") = "BlocNotasCurso.iOS", "BlocNotasCurso\BlocNotasCurso.iOS\BlocNotasCurso.iOS.csproj", "{AE25E150-AF27-446B-B05F-11C6A2531AC2}"
EndProject
Project("{FAE04EC0-301F-11D3-BF4B-00C04F79EFBC}") = "BlocNotasCurso.WinPhone", "BlocNotasCurso\BlocNotasCurso.WinPhone\BlocNotasCurso.WinPhone.csproj", "{7B65F699-9BEC-4B31-9852-63964C65750A}"
EndProject
Project("{FAE04EC0-301F-11D3-BF4B-00C04F79EFBC}") = "BlocNotasCurso", "BlocNotasCurso\BlocNotasCurso\BlocNotasCurso.csproj", "{C9751D23-FF2B-404A-A02A-BB83D593E083}"
EndProject
Global
	GlobalSection(SolutionConfigurationPlatforms) = preSolution
		Ad-Hoc|Any CPU = Ad-Hoc|Any CPU
		Ad-Hoc|ARM = Ad-Hoc|ARM
		Ad-Hoc|iPhone = Ad-Hoc|iPhone
		Ad-Hoc|iPhoneSimulator = Ad-Hoc|iPhoneSimulator
		Ad-Hoc|x86 = Ad-Hoc|x86
		AppStore|Any CPU = AppStore|Any CPU
		AppStore|ARM = AppStore|ARM
		AppStore|iPhone = AppStore|iPhone
		AppStore|iPhoneSimulator = AppStore|iPhoneSimulator
		AppStore|x86 = AppStore|x86
		Debug|Any CPU = Debug|Any CPU
		Debug|ARM = Debug|ARM
		Debug|iPhone = Debug|iPhone
		Debug|iPhoneSimulator = Debug|iPhoneSimulator
		Debug|x86 = Debug|x86
		Release|Any CPU = Release|Any CPU
		Release|ARM = Release|ARM
		Release|iPhone = Release|iPhone
		Release|iPhoneSimulator = Release|iPhoneSimulator
		Release|x86 = Release|x86
	EndGlobalSection
	GlobalSection(ProjectConfigurationPlatforms) = postSolution
		{63BDFAD5-982B-412C-BC16-D44F21BFC03E}.Ad-Hoc|Any CPU.ActiveCfg = Release|Any CPU
		{63BDFAD5-982B-412C-BC16-D44F21BFC03E}.Ad-Hoc|Any CPU.Build.0 = Release|Any CPU
		{63BDFAD5-982B-412C-BC16-D44F21BFC03E}.Ad-Hoc|Any CPU.Deploy.0 = Release|Any CPU
		{63BDFAD5-982B-412C-BC16-D44F21BFC03E}.Ad-Hoc|ARM.ActiveCfg = Release|Any CPU
		{63BDFAD5-982B-412C-BC16-D44F21BFC03E}.Ad-Hoc|ARM.Build.0 = Release|Any CPU
		{63BDFAD5-982B-412C-BC16-D44F21BFC03E}.Ad-Hoc|ARM.Deploy.0 = Release|Any CPU
		{63BDFAD5-982B-412C-BC16-D44F21BFC03E}.Ad-Hoc|iPhone.ActiveCfg = Release|Any CPU
		{63BDFAD5-982B-412C-BC16-D44F21BFC03E}.Ad-Hoc|iPhone.Build.0 = Release|Any CPU
		{63BDFAD5-982B-412C-BC16-D44F21BFC03E}.Ad-Hoc|iPhone.Deploy.0 = Release|Any CPU
		{63BDFAD5-982B-412C-BC16-D44F21BFC03E}.Ad-Hoc|iPhoneSimulator.ActiveCfg = Release|Any CPU
		{63BDFAD5-982B-412C-BC16-D44F21BFC03E}.Ad-Hoc|iPhoneSimulator.Build.0 = Release|Any CPU
		{63BDFAD5-982B-412C-BC16-D44F21BFC03E}.Ad-Hoc|iPhoneSimulator.Deploy.0 = Release|Any CPU
		{63BDFAD5-982B-412C-BC16-D44F21BFC03E}.Ad-Hoc|x86.ActiveCfg = Release|Any CPU
		{63BDFAD5-982B-412C-BC16-D44F21BFC03E}.Ad-Hoc|x86.Build.0 = Release|Any CPU
		{63BDFAD5-982B-412C-BC16-D44F21BFC03E}.Ad-Hoc|x86.Deploy.0 = Release|Any CPU
		{63BDFAD5-982B-412C-BC16-D44F21BFC03E}.AppStore|Any CPU.ActiveCfg = Release|Any CPU
		{63BDFAD5-982B-412C-BC16-D44F21BFC03E}.AppStore|Any CPU.Build.0 = Release|Any CPU
		{63BDFAD5-982B-412C-BC16-D44F21BFC03E}.AppStore|Any CPU.Deploy.0 = Release|Any CPU
		{63BDFAD5-982B-412C-BC16-D44F21BFC03E}.AppStore|ARM.ActiveCfg = Release|Any CPU
		{63BDFAD5-982B-412C-BC16-D44F21BFC03E}.AppStore|ARM.Build.0 = Release|Any CPU
		{63BDFAD5-982B-412C-BC16-D44F21BFC03E}.AppStore|ARM.Deploy.0 = Release|Any CPU
		{63BDFAD5-982B-412C-BC16-D44F21BFC03E}.AppStore|iPhone.ActiveCfg = Release|Any CPU
		{63BDFAD5-982B-412C-BC16-D44F21BFC03E}.AppStore|iPhone.Build.0 = Release|Any CPU
		{63BDFAD5-982B-412C-BC16-D44F21BFC03E}.AppStore|iPhone.Deploy.0 = Release|Any CPU
		{63BDFAD5-982B-412C-BC16-D44F21BFC03E}.AppStore|iPhoneSimulator.ActiveCfg = Release|Any CPU
		{63BDFAD5-982B-412C-BC16-D44F21BFC03E}.AppStore|iPhoneSimulator.Build.0 = Release|Any CPU
		{63BDFAD5-982B-412C-BC16-D44F21BFC03E}.AppStore|iPhoneSimulator.Deploy.0 = Release|Any CPU
		{63BDFAD5-982B-412C-BC16-D44F21BFC03E}.AppStore|x86.ActiveCfg = Release|Any CPU
		{63BDFAD5-982B-412C-BC16-D44F21BFC03E}.AppStore|x86.Build.0 = Release|Any CPU
		{63BDFAD5-982B-412C-BC16-D44F21BFC03E}.AppStore|x86.Deploy.0 = Release|Any CPU
		{63BDFAD5-982B-412C-BC16-D44F21BFC03E}.Debug|Any CPU.ActiveCfg = Debug|Any CPU
		{63BDFAD5-982B-412C-BC16-D44F21BFC03E}.Debug|Any CPU.Build.0 = Debug|Any CPU
		{63BDFAD5-982B-412C-BC16-D44F21BFC03E}.Debug|Any CPU.Deploy.0 = Debug|Any CPU
		{63BDFAD5-982B-412C-BC16-D44F21BFC03E}.Debug|ARM.ActiveCfg = Debug|Any CPU
		{63BDFAD5-982B-412C-BC16-D44F21BFC03E}.Debug|ARM.Build.0 = Debug|Any CPU
		{63BDFAD5-982B-412C-BC16-D44F21BFC03E}.Debug|ARM.Deploy.0 = Debug|Any CPU
		{63BDFAD5-982B-412C-BC16-D44F21BFC03E}.Debug|iPhone.ActiveCfg = Debug|Any CPU
		{63BDFAD5-982B-412C-BC16-D44F21BFC03E}.Debug|iPhone.Build.0 = Debug|Any CPU
		{63BDFAD5-982B-412C-BC16-D44F21BFC03E}.Debug|iPhone.Deploy.0 = Debug|Any CPU
		{63BDFAD5-982B-412C-BC16-D44F21BFC03E}.Debug|iPhoneSimulator.ActiveCfg = Debug|Any CPU
		{63BDFAD5-982B-412C-BC16-D44F21BFC03E}.Debug|iPhoneSimulator.Build.0 = Debug|Any CPU
		{63BDFAD5-982B-412C-BC16-D44F21BFC03E}.Debug|iPhoneSimulator.Deploy.0 = Debug|Any CPU
		{63BDFAD5-982B-412C-BC16-D44F21BFC03E}.Debug|x86.ActiveCfg = Debug|Any CPU
		{63BDFAD5-982B-412C-BC16-D44F21BFC03E}.Debug|x86.Build.0 = Debug|Any CPU
		{63BDFAD5-982B-412C-BC16-D44F21BFC03E}.Debug|x86.Deploy.0 = Debug|Any CPU
		{63BDFAD5-982B-412C-BC16-D44F21BFC03E}.Release|Any CPU.ActiveCfg = Release|Any CPU
		{63BDFAD5-982B-412C-BC16-D44F21BFC03E}.Release|Any CPU.Build.0 = Release|Any CPU
		{63BDFAD5-982B-412C-BC16-D44F21BFC03E}.Release|Any CPU.Deploy.0 = Release|Any CPU
		{63BDFAD5-982B-412C-BC16-D44F21BFC03E}.Release|ARM.ActiveCfg = Release|Any CPU
		{63BDFAD5-982B-412C-BC16-D44F21BFC03E}.Release|ARM.Build.0 = Release|Any CPU
		{63BDFAD5-982B-412C-BC16-D44F21BFC03E}.Release|ARM.Deploy.0 = Release|Any CPU
		{63BDFAD5-982B-412C-BC16-D44F21BFC03E}.Release|iPhone.ActiveCfg = Release|Any CPU
		{63BDFAD5-982B-412C-BC16-D44F21BFC03E}.Release|iPhone.Build.0 = Release|Any CPU
		{63BDFAD5-982B-412C-BC16-D44F21BFC03E}.Release|iPhone.Deploy.0 = Release|Any CPU
		{63BDFAD5-982B-412C-BC16-D44F21BFC03E}.Release|iPhoneSimulator.ActiveCfg = Release|Any CPU
		{63BDFAD5-982B-412C-BC16-D44F21BFC03E}.Release|iPhoneSimulator.Build.0 = Release|Any CPU
		{63BDFAD5-982B-412C-BC16-D44F21BFC03E}.Release|iPhoneSimulator.Deploy.0 = Release|Any CPU
		{63BDFAD5-982B-412C-BC16-D44F21BFC03E}.Release|x86.ActiveCfg = Release|Any CPU
		{63BDFAD5-982B-412C-BC16-D44F21BFC03E}.Release|x86.Build.0 = Release|Any CPU
		{63BDFAD5-982B-412C-BC16-D44F21BFC03E}.Release|x86.Deploy.0 = Release|Any CPU
		{AE25E150-AF27-446B-B05F-11C6A2531AC2}.Ad-Hoc|Any CPU.ActiveCfg = Ad-Hoc|iPhone
		{AE25E150-AF27-446B-B05F-11C6A2531AC2}.Ad-Hoc|ARM.ActiveCfg = Ad-Hoc|iPhone
		{AE25E150-AF27-446B-B05F-11C6A2531AC2}.Ad-Hoc|iPhone.ActiveCfg = Ad-Hoc|iPhone
		{AE25E150-AF27-446B-B05F-11C6A2531AC2}.Ad-Hoc|iPhone.Build.0 = Ad-Hoc|iPhone
		{AE25E150-AF27-446B-B05F-11C6A2531AC2}.Ad-Hoc|iPhoneSimulator.ActiveCfg = Ad-Hoc|iPhoneSimulator
		{AE25E150-AF27-446B-B05F-11C6A2531AC2}.Ad-Hoc|iPhoneSimulator.Build.0 = Ad-Hoc|iPhoneSimulator
		{AE25E150-AF27-446B-B05F-11C6A2531AC2}.Ad-Hoc|x86.ActiveCfg = Ad-Hoc|iPhone
		{AE25E150-AF27-446B-B05F-11C6A2531AC2}.AppStore|Any CPU.ActiveCfg = AppStore|iPhone
		{AE25E150-AF27-446B-B05F-11C6A2531AC2}.AppStore|ARM.ActiveCfg = AppStore|iPhone
		{AE25E150-AF27-446B-B05F-11C6A2531AC2}.AppStore|iPhone.ActiveCfg = AppStore|iPhone
		{AE25E150-AF27-446B-B05F-11C6A2531AC2}.AppStore|iPhone.Build.0 = AppStore|iPhone
		{AE25E150-AF27-446B-B05F-11C6A2531AC2}.AppStore|iPhoneSimulator.ActiveCfg = AppStore|iPhoneSimulator
		{AE25E150-AF27-446B-B05F-11C6A2531AC2}.AppStore|iPhoneSimulator.Build.0 = AppStore|iPhoneSimulator
		{AE25E150-AF27-446B-B05F-11C6A2531AC2}.AppStore|x86.ActiveCfg = AppStore|iPhone
		{AE25E150-AF27-446B-B05F-11C6A2531AC2}.Debug|Any CPU.ActiveCfg = Debug|iPhone
		{AE25E150-AF27-446B-B05F-11C6A2531AC2}.Debug|ARM.ActiveCfg = Debug|iPhone
		{AE25E150-AF27-446B-B05F-11C6A2531AC2}.Debug|iPhone.ActiveCfg = Debug|iPhone
		{AE25E150-AF27-446B-B05F-11C6A2531AC2}.Debug|iPhone.Build.0 = Debug|iPhone
		{AE25E150-AF27-446B-B05F-11C6A2531AC2}.Debug|iPhoneSimulator.ActiveCfg = Debug|iPhoneSimulator
		{AE25E150-AF27-446B-B05F-11C6A2531AC2}.Debug|iPhoneSimulator.Build.0 = Debug|iPhoneSimulator
		{AE25E150-AF27-446B-B05F-11C6A2531AC2}.Debug|x86.ActiveCfg = Debug|iPhone
		{AE25E150-AF27-446B-B05F-11C6A2531AC2}.Release|Any CPU.ActiveCfg = Release|iPhone
		{AE25E150-AF27-446B-B05F-11C6A2531AC2}.Release|ARM.ActiveCfg = Release|iPhone
		{AE25E150-AF27-446B-B05F-11C6A2531AC2}.Release|iPhone.ActiveCfg = Release|iPhone
		{AE25E150-AF27-446B-B05F-11C6A2531AC2}.Release|iPhone.Build.0 = Release|iPhone
		{AE25E150-AF27-446B-B05F-11C6A2531AC2}.Release|iPhoneSimulator.ActiveCfg = Release|iPhoneSimulator
		{AE25E150-AF27-446B-B05F-11C6A2531AC2}.Release|iPhoneSimulator.Build.0 = Release|iPhoneSimulator
		{AE25E150-AF27-446B-B05F-11C6A2531AC2}.Release|x86.ActiveCfg = Release|iPhone
		{7B65F699-9BEC-4B31-9852-63964C65750A}.Ad-Hoc|Any CPU.ActiveCfg = Release|Any CPU
		{7B65F699-9BEC-4B31-9852-63964C65750A}.Ad-Hoc|Any CPU.Build.0 = Release|Any CPU
		{7B65F699-9BEC-4B31-9852-63964C65750A}.Ad-Hoc|Any CPU.Deploy.0 = Release|Any CPU
		{7B65F699-9BEC-4B31-9852-63964C65750A}.Ad-Hoc|ARM.ActiveCfg = Release|ARM
		{7B65F699-9BEC-4B31-9852-63964C65750A}.Ad-Hoc|ARM.Build.0 = Release|ARM
		{7B65F699-9BEC-4B31-9852-63964C65750A}.Ad-Hoc|ARM.Deploy.0 = Release|ARM
		{7B65F699-9BEC-4B31-9852-63964C65750A}.Ad-Hoc|iPhone.ActiveCfg = Release|Any CPU
		{7B65F699-9BEC-4B31-9852-63964C65750A}.Ad-Hoc|iPhone.Build.0 = Release|Any CPU
		{7B65F699-9BEC-4B31-9852-63964C65750A}.Ad-Hoc|iPhone.Deploy.0 = Release|Any CPU
		{7B65F699-9BEC-4B31-9852-63964C65750A}.Ad-Hoc|iPhoneSimulator.ActiveCfg = Release|Any CPU
		{7B65F699-9BEC-4B31-9852-63964C65750A}.Ad-Hoc|iPhoneSimulator.Build.0 = Release|Any CPU
		{7B65F699-9BEC-4B31-9852-63964C65750A}.Ad-Hoc|iPhoneSimulator.Deploy.0 = Release|Any CPU
		{7B65F699-9BEC-4B31-9852-63964C65750A}.Ad-Hoc|x86.ActiveCfg = Release|x86
		{7B65F699-9BEC-4B31-9852-63964C65750A}.Ad-Hoc|x86.Build.0 = Release|x86
		{7B65F699-9BEC-4B31-9852-63964C65750A}.Ad-Hoc|x86.Deploy.0 = Release|x86
		{7B65F699-9BEC-4B31-9852-63964C65750A}.AppStore|Any CPU.ActiveCfg = Release|Any CPU
		{7B65F699-9BEC-4B31-9852-63964C65750A}.AppStore|Any CPU.Build.0 = Release|Any CPU
		{7B65F699-9BEC-4B31-9852-63964C65750A}.AppStore|Any CPU.Deploy.0 = Release|Any CPU
		{7B65F699-9BEC-4B31-9852-63964C65750A}.AppStore|ARM.ActiveCfg = Release|ARM
		{7B65F699-9BEC-4B31-9852-63964C65750A}.AppStore|ARM.Build.0 = Release|ARM
		{7B65F699-9BEC-4B31-9852-63964C65750A}.AppStore|ARM.Deploy.0 = Release|ARM
		{7B65F699-9BEC-4B31-9852-63964C65750A}.AppStore|iPhone.ActiveCfg = Release|Any CPU
		{7B65F699-9BEC-4B31-9852-63964C65750A}.AppStore|iPhone.Build.0 = Release|Any CPU
		{7B65F699-9BEC-4B31-9852-63964C65750A}.AppStore|iPhone.Deploy.0 = Release|Any CPU
		{7B65F699-9BEC-4B31-9852-63964C65750A}.AppStore|iPhoneSimulator.ActiveCfg = Release|Any CPU
		{7B65F699-9BEC-4B31-9852-63964C65750A}.AppStore|iPhoneSimulator.Build.0 = Release|Any CPU
		{7B65F699-9BEC-4B31-9852-63964C65750A}.AppStore|iPhoneSimulator.Deploy.0 = Release|Any CPU
		{7B65F699-9BEC-4B31-9852-63964C65750A}.AppStore|x86.ActiveCfg = Release|x86
		{7B65F699-9BEC-4B31-9852-63964C65750A}.AppStore|x86.Build.0 = Release|x86
		{7B65F699-9BEC-4B31-9852-63964C65750A}.AppStore|x86.Deploy.0 = Release|x86
		{7B65F699-9BEC-4B31-9852-63964C65750A}.Debug|Any CPU.ActiveCfg = Debug|Any CPU
		{7B65F699-9BEC-4B31-9852-63964C65750A}.Debug|Any CPU.Build.0 = Debug|Any CPU
		{7B65F699-9BEC-4B31-9852-63964C65750A}.Debug|Any CPU.Deploy.0 = Debug|Any CPU
		{7B65F699-9BEC-4B31-9852-63964C65750A}.Debug|ARM.ActiveCfg = Debug|ARM
		{7B65F699-9BEC-4B31-9852-63964C65750A}.Debug|ARM.Build.0 = Debug|ARM
		{7B65F699-9BEC-4B31-9852-63964C65750A}.Debug|ARM.Deploy.0 = Debug|ARM
		{7B65F699-9BEC-4B31-9852-63964C65750A}.Debug|iPhone.ActiveCfg = Debug|Any CPU
		{7B65F699-9BEC-4B31-9852-63964C65750A}.Debug|iPhone.Build.0 = Debug|Any CPU
		{7B65F699-9BEC-4B31-9852-63964C65750A}.Debug|iPhone.Deploy.0 = Debug|Any CPU
		{7B65F699-9BEC-4B31-9852-63964C65750A}.Debug|iPhoneSimulator.ActiveCfg = Debug|Any CPU
		{7B65F699-9BEC-4B31-9852-63964C65750A}.Debug|iPhoneSimulator.Build.0 = Debug|Any CPU
		{7B65F699-9BEC-4B31-9852-63964C65750A}.Debug|iPhoneSimulator.Deploy.0 = Debug|Any CPU
		{7B65F699-9BEC-4B31-9852-63964C65750A}.Debug|x86.ActiveCfg = Debug|x86
		{7B65F699-9BEC-4B31-9852-63964C65750A}.Debug|x86.Build.0 = Debug|x86
		{7B65F699-9BEC-4B31-9852-63964C65750A}.Debug|x86.Deploy.0 = Debug|x86
		{7B65F699-9BEC-4B31-9852-63964C65750A}.Release|Any CPU.ActiveCfg = Release|Any CPU
		{7B65F699-9BEC-4B31-9852-63964C65750A}.Release|Any CPU.Build.0 = Release|Any CPU
		{7B65F699-9BEC-4B31-9852-63964C65750A}.Release|Any CPU.Deploy.0 = Release|Any CPU
		{7B65F699-9BEC-4B31-9852-63964C65750A}.Release|ARM.ActiveCfg = Release|ARM
		{7B65F699-9BEC-4B31-9852-63964C65750A}.Release|ARM.Build.0 = Release|ARM
		{7B65F699-9BEC-4B31-9852-63964C65750A}.Release|ARM.Deploy.0 = Release|ARM
		{7B65F699-9BEC-4B31-9852-63964C65750A}.Release|iPhone.ActiveCfg = Release|Any CPU
		{7B65F699-9BEC-4B31-9852-63964C65750A}.Release|iPhone.Build.0 = Release|Any CPU
		{7B65F699-9BEC-4B31-9852-63964C65750A}.Release|iPhone.Deploy.0 = Release|Any CPU
		{7B65F699-9BEC-4B31-9852-63964C65750A}.Release|iPhoneSimulator.ActiveCfg = Release|Any CPU
		{7B65F699-9BEC-4B31-9852-63964C65750A}.Release|iPhoneSimulator.Build.0 = Release|Any CPU
		{7B65F699-9BEC-4B31-9852-63964C65750A}.Release|iPhoneSimulator.Deploy.0 = Release|Any CPU
		{7B65F699-9BEC-4B31-9852-63964C65750A}.Release|x86.ActiveCfg = Release|x86
		{7B65F699-9BEC-4B31-9852-63964C65750A}.Release|x86.Build.0 = Release|x86
		{7B65F699-9BEC-4B31-9852-63964C65750A}.Release|x86.Deploy.0 = Release|x86
		{C9751D23-FF2B-404A-A02A-BB83D593E083}.Ad-Hoc|Any CPU.ActiveCfg = Release|Any CPU
		{C9751D23-FF2B-404A-A02A-BB83D593E083}.Ad-Hoc|Any CPU.Build.0 = Release|Any CPU
		{C9751D23-FF2B-404A-A02A-BB83D593E083}.Ad-Hoc|ARM.ActiveCfg = Release|Any CPU
		{C9751D23-FF2B-404A-A02A-BB83D593E083}.Ad-Hoc|ARM.Build.0 = Release|Any CPU
		{C9751D23-FF2B-404A-A02A-BB83D593E083}.Ad-Hoc|iPhone.ActiveCfg = Release|Any CPU
		{C9751D23-FF2B-404A-A02A-BB83D593E083}.Ad-Hoc|iPhone.Build.0 = Release|Any CPU
		{C9751D23-FF2B-404A-A02A-BB83D593E083}.Ad-Hoc|iPhoneSimulator.ActiveCfg = Release|Any CPU
		{C9751D23-FF2B-404A-A02A-BB83D593E083}.Ad-Hoc|iPhoneSimulator.Build.0 = Release|Any CPU
		{C9751D23-FF2B-404A-A02A-BB83D593E083}.Ad-Hoc|x86.ActiveCfg = Release|Any CPU
		{C9751D23-FF2B-404A-A02A-BB83D593E083}.Ad-Hoc|x86.Build.0 = Release|Any CPU
		{C9751D23-FF2B-404A-A02A-BB83D593E083}.AppStore|Any CPU.ActiveCfg = Release|Any CPU
		{C9751D23-FF2B-404A-A02A-BB83D593E083}.AppStore|Any CPU.Build.0 = Release|Any CPU
		{C9751D23-FF2B-404A-A02A-BB83D593E083}.AppStore|ARM.ActiveCfg = Release|Any CPU
		{C9751D23-FF2B-404A-A02A-BB83D593E083}.AppStore|ARM.Build.0 = Release|Any CPU
		{C9751D23-FF2B-404A-A02A-BB83D593E083}.AppStore|iPhone.ActiveCfg = Release|Any CPU
		{C9751D23-FF2B-404A-A02A-BB83D593E083}.AppStore|iPhone.Build.0 = Release|Any CPU
		{C9751D23-FF2B-404A-A02A-BB83D593E083}.AppStore|iPhoneSimulator.ActiveCfg = Release|Any CPU
		{C9751D23-FF2B-404A-A02A-BB83D593E083}.AppStore|iPhoneSimulator.Build.0 = Release|Any CPU
		{C9751D23-FF2B-404A-A02A-BB83D593E083}.AppStore|x86.ActiveCfg = Release|Any CPU
		{C9751D23-FF2B-404A-A02A-BB83D593E083}.AppStore|x86.Build.0 = Release|Any CPU
		{C9751D23-FF2B-404A-A02A-BB83D593E083}.Debug|Any CPU.ActiveCfg = Debug|Any CPU
		{C9751D23-FF2B-404A-A02A-BB83D593E083}.Debug|Any CPU.Build.0 = Debug|Any CPU
		{C9751D23-FF2B-404A-A02A-BB83D593E083}.Debug|ARM.ActiveCfg = Debug|Any CPU
		{C9751D23-FF2B-404A-A02A-BB83D593E083}.Debug|ARM.Build.0 = Debug|Any CPU
		{C9751D23-FF2B-404A-A02A-BB83D593E083}.Debug|iPhone.ActiveCfg = Debug|Any CPU
		{C9751D23-FF2B-404A-A02A-BB83D593E083}.Debug|iPhone.Build.0 = Debug|Any CPU
		{C9751D23-FF2B-404A-A02A-BB83D593E083}.Debug|iPhoneSimulator.ActiveCfg = Debug|Any CPU
		{C9751D23-FF2B-404A-A02A-BB83D593E083}.Debug|iPhoneSimulator.Build.0 = Debug|Any CPU
		{C9751D23-FF2B-404A-A02A-BB83D593E083}.Debug|x86.ActiveCfg = Debug|Any CPU
		{C9751D23-FF2B-404A-A02A-BB83D593E083}.Debug|x86.Build.0 = Debug|Any CPU
		{C9751D23-FF2B-404A-A02A-BB83D593E083}.Release|Any CPU.ActiveCfg = Release|Any CPU
		{C9751D23-FF2B-404A-A02A-BB83D593E083}.Release|Any CPU.Build.0 = Release|Any CPU
		{C9751D23-FF2B-404A-A02A-BB83D593E083}.Release|ARM.ActiveCfg = Release|Any CPU
		{C9751D23-FF2B-404A-A02A-BB83D593E083}.Release|ARM.Build.0 = Release|Any CPU
		{C9751D23-FF2B-404A-A02A-BB83D593E083}.Release|iPhone.ActiveCfg = Release|Any CPU
		{C9751D23-FF2B-404A-A02A-BB83D593E083}.Release|iPhone.Build.0 = Release|Any CPU
		{C9751D23-FF2B-404A-A02A-BB83D593E083}.Release|iPhoneSimulator.ActiveCfg = Release|Any CPU
		{C9751D23-FF2B-404A-A02A-BB83D593E083}.Release|iPhoneSimulator.Build.0 = Release|Any CPU
		{C9751D23-FF2B-404A-A02A-BB83D593E083}.Release|x86.ActiveCfg = Release|Any CPU
		{C9751D23-FF2B-404A-A02A-BB83D593E083}.Release|x86.Build.0 = Release|Any CPU
	EndGlobalSection
	GlobalSection(SolutionProperties) = preSolution
		HideSolutionNode = FALSE
	EndGlobalSection
EndGlobal
